
Microsoft Visual Studio Solution File, Format Version 12.00
# Visual Studio Version 16
VisualStudioVersion = 16.0.29230.61
MinimumVisualStudioVersion = 10.0.40219.1
Project("{FAE04EC0-301F-11D3-BF4B-00C04F79EFBC}") = "DropboxConflictSolver", "DropboxConflictSolver\DropboxConflictSolver.csproj", "{EF2553DD-09DB-42B8-A6F7-B82CA99F50C5}"
EndProject
Global
	GlobalSection(SolutionConfigurationPlatforms) = preSolution
		Debug|Any CPU = Debug|Any CPU
		Release|Any CPU = Release|Any CPU
	EndGlobalSection
	GlobalSection(ProjectConfigurationPlatforms) = postSolution
		{EF2553DD-09DB-42B8-A6F7-B82CA99F50C5}.Debug|Any CPU.ActiveCfg = Debug|Any CPU
		{EF2553DD-09DB-42B8-A6F7-B82CA99F50C5}.Debug|Any CPU.Build.0 = Debug|Any CPU
		{EF2553DD-09DB-42B8-A6F7-B82CA99F50C5}.Release|Any CPU.ActiveCfg = Release|Any CPU
		{EF2553DD-09DB-42B8-A6F7-B82CA99F50C5}.Release|Any CPU.Build.0 = Release|Any CPU
	EndGlobalSection
	GlobalSection(SolutionProperties) = preSolution
		HideSolutionNode = FALSE
	EndGlobalSection
	GlobalSection(ExtensibilityGlobals) = postSolution
		SolutionGuid = {452EA7E7-C790-4387-A8B7-41BBA8B3C4B1}
	EndGlobalSection
EndGlobal
